
Microsoft Visual Studio Solution File, Format Version 11.00
# Visual Studio 2010
Project("{FAE04EC0-301F-11D3-BF4B-00C04F79EFBC}") = "Assembly-CSharp", "Assembly-CSharp.csproj", "{2444c17e-5ec3-bf18-7ee7-1b3a5ffc02da}"
EndProject
Project("{FAE04EC0-301F-11D3-BF4B-00C04F79EFBC}") = "Assembly-CSharp-Editor", "Assembly-CSharp-Editor.csproj", "{8cb7d41c-25bd-d7fd-3f29-8bac05f99278}"
EndProject
Global
	GlobalSection(SolutionConfigurationPlatforms) = preSolution
		Debug|Any CPU = Debug|Any CPU
	EndGlobalSection
	GlobalSection(ProjectConfigurationPlatforms) = postSolution
		{2444c17e-5ec3-bf18-7ee7-1b3a5ffc02da}.Debug|Any CPU.ActiveCfg = Debug|Any CPU
		{2444c17e-5ec3-bf18-7ee7-1b3a5ffc02da}.Debug|Any CPU.Build.0 = Debug|Any CPU
		{8cb7d41c-25bd-d7fd-3f29-8bac05f99278}.Debug|Any CPU.ActiveCfg = Debug|Any CPU
		{8cb7d41c-25bd-d7fd-3f29-8bac05f99278}.Debug|Any CPU.Build.0 = Debug|Any CPU
	EndGlobalSection
	GlobalSection(SolutionProperties) = preSolution
		HideSolutionNode = FALSE
	EndGlobalSection
EndGlobal
